
Microsoft Visual Studio Solution File, Format Version 12.00
# Visual Studio Version 16
VisualStudioVersion = 16.0.33214.272
MinimumVisualStudioVersion = 10.0.40219.1
Project("{FAE04EC0-301F-11D3-BF4B-00C04F79EFBC}") = "mission5_mcurzon1", "mission5_mcurzon1\mission5_mcurzon1.csproj", "{4A827F0D-A926-48F3-A587-269A0FB5D163}"
EndProject
Global
	GlobalSection(SolutionConfigurationPlatforms) = preSolution
		Debug|Any CPU = Debug|Any CPU
		Release|Any CPU = Release|Any CPU
	EndGlobalSection
	GlobalSection(ProjectConfigurationPlatforms) = postSolution
		{4A827F0D-A926-48F3-A587-269A0FB5D163}.Debug|Any CPU.ActiveCfg = Debug|Any CPU
		{4A827F0D-A926-48F3-A587-269A0FB5D163}.Debug|Any CPU.Build.0 = Debug|Any CPU
		{4A827F0D-A926-48F3-A587-269A0FB5D163}.Release|Any CPU.ActiveCfg = Release|Any CPU
		{4A827F0D-A926-48F3-A587-269A0FB5D163}.Release|Any CPU.Build.0 = Release|Any CPU
	EndGlobalSection
	GlobalSection(SolutionProperties) = preSolution
		HideSolutionNode = FALSE
	EndGlobalSection
	GlobalSection(ExtensibilityGlobals) = postSolution
		SolutionGuid = {5E929A13-B90F-4C43-92D3-2AE15B13CEF9}
	EndGlobalSection
EndGlobal
